
Microsoft Visual Studio Solution File, Format Version 12.00
# Visual Studio Version 16
VisualStudioVersion = 16.0.31205.134
MinimumVisualStudioVersion = 10.0.40219.1
Project("{FAE04EC0-301F-11D3-BF4B-00C04F79EFBC}") = "CSharpCollections", "CSharpCollections\CSharpCollections.csproj", "{EFAEE71A-7EF0-4F30-B40B-B1506310C887}"
EndProject
Project("{FAE04EC0-301F-11D3-BF4B-00C04F79EFBC}") = "ListasDeObjetos", "ListasDeObjetos\ListasDeObjetos.csproj", "{6712F0D7-5436-42A3-832D-0FD53CC7E8E7}"
EndProject
Project("{FAE04EC0-301F-11D3-BF4B-00C04F79EFBC}") = "ListaSomenteLeitura", "ListaSomenteLeitura\ListaSomenteLeitura.csproj", "{D561A5B4-4311-4454-B915-1613E63BE25B}"
EndProject
Global
	GlobalSection(SolutionConfigurationPlatforms) = preSolution
		Debug|Any CPU = Debug|Any CPU
		Release|Any CPU = Release|Any CPU
	EndGlobalSection
	GlobalSection(ProjectConfigurationPlatforms) = postSolution
		{EFAEE71A-7EF0-4F30-B40B-B1506310C887}.Debug|Any CPU.ActiveCfg = Debug|Any CPU
		{EFAEE71A-7EF0-4F30-B40B-B1506310C887}.Debug|Any CPU.Build.0 = Debug|Any CPU
		{EFAEE71A-7EF0-4F30-B40B-B1506310C887}.Release|Any CPU.ActiveCfg = Release|Any CPU
		{EFAEE71A-7EF0-4F30-B40B-B1506310C887}.Release|Any CPU.Build.0 = Release|Any CPU
		{6712F0D7-5436-42A3-832D-0FD53CC7E8E7}.Debug|Any CPU.ActiveCfg = Debug|Any CPU
		{6712F0D7-5436-42A3-832D-0FD53CC7E8E7}.Debug|Any CPU.Build.0 = Debug|Any CPU
		{6712F0D7-5436-42A3-832D-0FD53CC7E8E7}.Release|Any CPU.ActiveCfg = Release|Any CPU
		{6712F0D7-5436-42A3-832D-0FD53CC7E8E7}.Release|Any CPU.Build.0 = Release|Any CPU
		{D561A5B4-4311-4454-B915-1613E63BE25B}.Debug|Any CPU.ActiveCfg = Debug|Any CPU
		{D561A5B4-4311-4454-B915-1613E63BE25B}.Debug|Any CPU.Build.0 = Debug|Any CPU
		{D561A5B4-4311-4454-B915-1613E63BE25B}.Release|Any CPU.ActiveCfg = Release|Any CPU
		{D561A5B4-4311-4454-B915-1613E63BE25B}.Release|Any CPU.Build.0 = Release|Any CPU
	EndGlobalSection
	GlobalSection(SolutionProperties) = preSolution
		HideSolutionNode = FALSE
	EndGlobalSection
	GlobalSection(ExtensibilityGlobals) = postSolution
		SolutionGuid = {AEB831DE-49CB-4939-97EF-441C7D5466EC}
	EndGlobalSection
EndGlobal
