
Microsoft Visual Studio Solution File, Format Version 12.00
# Visual Studio Version 16
VisualStudioVersion = 16.0.31205.134
MinimumVisualStudioVersion = 10.0.40219.1
Project("{FAE04EC0-301F-11D3-BF4B-00C04F79EFBC}") = "CSharpCollections", "CSharpCollections\CSharpCollections.csproj", "{EFAEE71A-7EF0-4F30-B40B-B1506310C887}"
EndProject
Project("{FAE04EC0-301F-11D3-BF4B-00C04F79EFBC}") = "ListasDeObjetos", "ListasDeObjetos\ListasDeObjetos.csproj", "{6712F0D7-5436-42A3-832D-0FD53CC7E8E7}"
EndProject
Project("{FAE04EC0-301F-11D3-BF4B-00C04F79EFBC}") = "ListaSomenteLeitura", "ListaSomenteLeitura\ListaSomenteLeitura.csproj", "{D561A5B4-4311-4454-B915-1613E63BE25B}"
EndProject
Project("{FAE04EC0-301F-11D3-BF4B-00C04F79EFBC}") = "OrdenandoESomando", "OrdenandoESomando\OrdenandoESomando.csproj", "{8274A580-8A68-4C55-A1BD-206C3C42CC9A}"
EndProject
Project("{FAE04EC0-301F-11D3-BF4B-00C04F79EFBC}") = "OPoderDosSets", "OPoderDosSets\OPoderDosSets.csproj", "{67483F70-E18B-47F7-BE63-7CE24750DDCD}"
EndProject
Project("{FAE04EC0-301F-11D3-BF4B-00C04F79EFBC}") = "SetNoModelo", "SetNoModelo\SetNoModelo.csproj", "{D1D9007E-0EF4-4DB3-96B9-6C45E5983FEA}"
EndProject
Global
	GlobalSection(SolutionConfigurationPlatforms) = preSolution
		Debug|Any CPU = Debug|Any CPU
		Release|Any CPU = Release|Any CPU
	EndGlobalSection
	GlobalSection(ProjectConfigurationPlatforms) = postSolution
		{EFAEE71A-7EF0-4F30-B40B-B1506310C887}.Debug|Any CPU.ActiveCfg = Debug|Any CPU
		{EFAEE71A-7EF0-4F30-B40B-B1506310C887}.Debug|Any CPU.Build.0 = Debug|Any CPU
		{EFAEE71A-7EF0-4F30-B40B-B1506310C887}.Release|Any CPU.ActiveCfg = Release|Any CPU
		{EFAEE71A-7EF0-4F30-B40B-B1506310C887}.Release|Any CPU.Build.0 = Release|Any CPU
		{6712F0D7-5436-42A3-832D-0FD53CC7E8E7}.Debug|Any CPU.ActiveCfg = Debug|Any CPU
		{6712F0D7-5436-42A3-832D-0FD53CC7E8E7}.Debug|Any CPU.Build.0 = Debug|Any CPU
		{6712F0D7-5436-42A3-832D-0FD53CC7E8E7}.Release|Any CPU.ActiveCfg = Release|Any CPU
		{6712F0D7-5436-42A3-832D-0FD53CC7E8E7}.Release|Any CPU.Build.0 = Release|Any CPU
		{D561A5B4-4311-4454-B915-1613E63BE25B}.Debug|Any CPU.ActiveCfg = Debug|Any CPU
		{D561A5B4-4311-4454-B915-1613E63BE25B}.Debug|Any CPU.Build.0 = Debug|Any CPU
		{D561A5B4-4311-4454-B915-1613E63BE25B}.Release|Any CPU.ActiveCfg = Release|Any CPU
		{D561A5B4-4311-4454-B915-1613E63BE25B}.Release|Any CPU.Build.0 = Release|Any CPU
		{8274A580-8A68-4C55-A1BD-206C3C42CC9A}.Debug|Any CPU.ActiveCfg = Debug|Any CPU
		{8274A580-8A68-4C55-A1BD-206C3C42CC9A}.Debug|Any CPU.Build.0 = Debug|Any CPU
		{8274A580-8A68-4C55-A1BD-206C3C42CC9A}.Release|Any CPU.ActiveCfg = Release|Any CPU
		{8274A580-8A68-4C55-A1BD-206C3C42CC9A}.Release|Any CPU.Build.0 = Release|Any CPU
		{67483F70-E18B-47F7-BE63-7CE24750DDCD}.Debug|Any CPU.ActiveCfg = Debug|Any CPU
		{67483F70-E18B-47F7-BE63-7CE24750DDCD}.Debug|Any CPU.Build.0 = Debug|Any CPU
		{67483F70-E18B-47F7-BE63-7CE24750DDCD}.Release|Any CPU.ActiveCfg = Release|Any CPU
		{67483F70-E18B-47F7-BE63-7CE24750DDCD}.Release|Any CPU.Build.0 = Release|Any CPU
		{D1D9007E-0EF4-4DB3-96B9-6C45E5983FEA}.Debug|Any CPU.ActiveCfg = Debug|Any CPU
		{D1D9007E-0EF4-4DB3-96B9-6C45E5983FEA}.Debug|Any CPU.Build.0 = Debug|Any CPU
		{D1D9007E-0EF4-4DB3-96B9-6C45E5983FEA}.Release|Any CPU.ActiveCfg = Release|Any CPU
		{D1D9007E-0EF4-4DB3-96B9-6C45E5983FEA}.Release|Any CPU.Build.0 = Release|Any CPU
	EndGlobalSection
	GlobalSection(SolutionProperties) = preSolution
		HideSolutionNode = FALSE
	EndGlobalSection
	GlobalSection(ExtensibilityGlobals) = postSolution
		SolutionGuid = {AEB831DE-49CB-4939-97EF-441C7D5466EC}
	EndGlobalSection
EndGlobal
